Microsoft Visual Studio Solution File, Format Version 12.00
# Visual Studio 14
Project("{8BC9CEB8-8B4A-11D0-8D11-00A0C91BC942}") = "ALL_BUILD", "ALL_BUILD.vcxproj", "{D5BD7D95-8408-38BC-B84F-C3EFA45DCCB5}"
	ProjectSection(ProjectDependencies) = postProject
		{144742F0-EA82-3539-B5FD-DAE77D82E3AC} = {144742F0-EA82-3539-B5FD-DAE77D82E3AC}
		{F75B902D-9E19-3344-A0FA-AE70D92FC7B0} = {F75B902D-9E19-3344-A0FA-AE70D92FC7B0}
		{32BF9C24-9261-30A8-805E-E13A03E3E4BE} = {32BF9C24-9261-30A8-805E-E13A03E3E4BE}
		{78490414-1ADE-3080-9C0A-066242B9540C} = {78490414-1ADE-3080-9C0A-066242B9540C}
		{FCB1F30E-D288-3395-9D00-1B0891BC86A5} = {FCB1F30E-D288-3395-9D00-1B0891BC86A5}
		{BAA81F1C-CCAE-39B5-8BA4-B8AED6B97499} = {BAA81F1C-CCAE-39B5-8BA4-B8AED6B97499}
		{B1B7B830-E802-3046-A63F-F473A32E9F86} = {B1B7B830-E802-3046-A63F-F473A32E9F86}
		{D5DE19C3-E5F1-3AA9-A808-CA6225122563} = {D5DE19C3-E5F1-3AA9-A808-CA6225122563}
		{E3AFEDDC-D28C-365F-A469-60A4ED169C7F} = {E3AFEDDC-D28C-365F-A469-60A4ED169C7F}
		{B70E8442-DFAD-3BFC-B99E-95C5413BCE7F} = {B70E8442-DFAD-3BFC-B99E-95C5413BCE7F}
		{E924715C-5D02-3D34-A136-C84FDB4C2241} = {E924715C-5D02-3D34-A136-C84FDB4C2241}
		{5B3D50DC-6948-3288-9A25-D49320DD3176} = {5B3D50DC-6948-3288-9A25-D49320DD3176}
		{BAC778BA-B005-341B-95B8-17B0D1C029EF} = {BAC778BA-B005-341B-95B8-17B0D1C029EF}
		{593CCF08-5F3F-319A-86DE-42AA86864FBE} = {593CCF08-5F3F-319A-86DE-42AA86864FBE}
		{E3F5FC27-D1E1-30A0-8124-16DB68E4A64E} = {E3F5FC27-D1E1-30A0-8124-16DB68E4A64E}
		{C1217D4D-0DC0-3722-9854-D9A5F44A11FC} = {C1217D4D-0DC0-3722-9854-D9A5F44A11FC}
		{A2C3FE41-D083-3CB7-9283-6F041345FBAF} = {A2C3FE41-D083-3CB7-9283-6F041345FBAF}
	EndProjectSection
EndProject
Project("{8BC9CEB8-8B4A-11D0-8D11-00A0C91BC942}") = "INSTALL", "INSTALL.vcxproj", "{F2B604CA-930C-35B4-BB2B-2B6F84A1C831}"
	ProjectSection(ProjectDependencies) = postProject
		{D5BD7D95-8408-38BC-B84F-C3EFA45DCCB5} = {D5BD7D95-8408-38BC-B84F-C3EFA45DCCB5}
		{144742F0-EA82-3539-B5FD-DAE77D82E3AC} = {144742F0-EA82-3539-B5FD-DAE77D82E3AC}
	EndProjectSection
EndProject
Project("{8BC9CEB8-8B4A-11D0-8D11-00A0C91BC942}") = "ZERO_CHECK", "ZERO_CHECK.vcxproj", "{144742F0-EA82-3539-B5FD-DAE77D82E3AC}"
	ProjectSection(ProjectDependencies) = postProject
	EndProjectSection
EndProject
Project("{8BC9CEB8-8B4A-11D0-8D11-00A0C91BC942}") = "check", "jansson\check.vcxproj", "{EAE2091E-6870-3DCF-8368-535EDAA9BFEB}"
	ProjectSection(ProjectDependencies) = postProject
		{144742F0-EA82-3539-B5FD-DAE77D82E3AC} = {144742F0-EA82-3539-B5FD-DAE77D82E3AC}
		{32BF9C24-9261-30A8-805E-E13A03E3E4BE} = {32BF9C24-9261-30A8-805E-E13A03E3E4BE}
		{BAA81F1C-CCAE-39B5-8BA4-B8AED6B97499} = {BAA81F1C-CCAE-39B5-8BA4-B8AED6B97499}
		{B1B7B830-E802-3046-A63F-F473A32E9F86} = {B1B7B830-E802-3046-A63F-F473A32E9F86}
		{D5DE19C3-E5F1-3AA9-A808-CA6225122563} = {D5DE19C3-E5F1-3AA9-A808-CA6225122563}
		{E3AFEDDC-D28C-365F-A469-60A4ED169C7F} = {E3AFEDDC-D28C-365F-A469-60A4ED169C7F}
		{B70E8442-DFAD-3BFC-B99E-95C5413BCE7F} = {B70E8442-DFAD-3BFC-B99E-95C5413BCE7F}
		{E924715C-5D02-3D34-A136-C84FDB4C2241} = {E924715C-5D02-3D34-A136-C84FDB4C2241}
		{5B3D50DC-6948-3288-9A25-D49320DD3176} = {5B3D50DC-6948-3288-9A25-D49320DD3176}
		{BAC778BA-B005-341B-95B8-17B0D1C029EF} = {BAC778BA-B005-341B-95B8-17B0D1C029EF}
		{593CCF08-5F3F-319A-86DE-42AA86864FBE} = {593CCF08-5F3F-319A-86DE-42AA86864FBE}
		{E3F5FC27-D1E1-30A0-8124-16DB68E4A64E} = {E3F5FC27-D1E1-30A0-8124-16DB68E4A64E}
		{C1217D4D-0DC0-3722-9854-D9A5F44A11FC} = {C1217D4D-0DC0-3722-9854-D9A5F44A11FC}
		{A2C3FE41-D083-3CB7-9283-6F041345FBAF} = {A2C3FE41-D083-3CB7-9283-6F041345FBAF}
	EndProjectSection
EndProject
Project("{8BC9CEB8-8B4A-11D0-8D11-00A0C91BC942}") = "jansson", "jansson\jansson.vcxproj", "{F75B902D-9E19-3344-A0FA-AE70D92FC7B0}"
	ProjectSection(ProjectDependencies) = postProject
		{144742F0-EA82-3539-B5FD-DAE77D82E3AC} = {144742F0-EA82-3539-B5FD-DAE77D82E3AC}
	EndProjectSection
EndProject
Project("{8BC9CEB8-8B4A-11D0-8D11-00A0C91BC942}") = "json_process", "jansson\json_process.vcxproj", "{32BF9C24-9261-30A8-805E-E13A03E3E4BE}"
	ProjectSection(ProjectDependencies) = postProject
		{144742F0-EA82-3539-B5FD-DAE77D82E3AC} = {144742F0-EA82-3539-B5FD-DAE77D82E3AC}
		{F75B902D-9E19-3344-A0FA-AE70D92FC7B0} = {F75B902D-9E19-3344-A0FA-AE70D92FC7B0}
	EndProjectSection
EndProject
Project("{8BC9CEB8-8B4A-11D0-8D11-00A0C91BC942}") = "latino-json", "latino-json.vcxproj", "{78490414-1ADE-3080-9C0A-066242B9540C}"
	ProjectSection(ProjectDependencies) = postProject
		{144742F0-EA82-3539-B5FD-DAE77D82E3AC} = {144742F0-EA82-3539-B5FD-DAE77D82E3AC}
		{F75B902D-9E19-3344-A0FA-AE70D92FC7B0} = {F75B902D-9E19-3344-A0FA-AE70D92FC7B0}
	EndProjectSection
EndProject
Project("{8BC9CEB8-8B4A-11D0-8D11-00A0C91BC942}") = "simple_parse", "jansson\simple_parse.vcxproj", "{FCB1F30E-D288-3395-9D00-1B0891BC86A5}"
	ProjectSection(ProjectDependencies) = postProject
		{144742F0-EA82-3539-B5FD-DAE77D82E3AC} = {144742F0-EA82-3539-B5FD-DAE77D82E3AC}
		{F75B902D-9E19-3344-A0FA-AE70D92FC7B0} = {F75B902D-9E19-3344-A0FA-AE70D92FC7B0}
	EndProjectSection
EndProject
Project("{8BC9CEB8-8B4A-11D0-8D11-00A0C91BC942}") = "test_array", "jansson\test_array.vcxproj", "{BAA81F1C-CCAE-39B5-8BA4-B8AED6B97499}"
	ProjectSection(ProjectDependencies) = postProject
		{144742F0-EA82-3539-B5FD-DAE77D82E3AC} = {144742F0-EA82-3539-B5FD-DAE77D82E3AC}
		{F75B902D-9E19-3344-A0FA-AE70D92FC7B0} = {F75B902D-9E19-3344-A0FA-AE70D92FC7B0}
	EndProjectSection
EndProject
Project("{8BC9CEB8-8B4A-11D0-8D11-00A0C91BC942}") = "test_copy", "jansson\test_copy.vcxproj", "{B1B7B830-E802-3046-A63F-F473A32E9F86}"
	ProjectSection(ProjectDependencies) = postProject
		{144742F0-EA82-3539-B5FD-DAE77D82E3AC} = {144742F0-EA82-3539-B5FD-DAE77D82E3AC}
		{F75B902D-9E19-3344-A0FA-AE70D92FC7B0} = {F75B902D-9E19-3344-A0FA-AE70D92FC7B0}
	EndProjectSection
EndProject
Project("{8BC9CEB8-8B4A-11D0-8D11-00A0C91BC942}") = "test_dump", "jansson\test_dump.vcxproj", "{D5DE19C3-E5F1-3AA9-A808-CA6225122563}"
	ProjectSection(ProjectDependencies) = postProject
		{144742F0-EA82-3539-B5FD-DAE77D82E3AC} = {144742F0-EA82-3539-B5FD-DAE77D82E3AC}
		{F75B902D-9E19-3344-A0FA-AE70D92FC7B0} = {F75B902D-9E19-3344-A0FA-AE70D92FC7B0}
	EndProjectSection
EndProject
Project("{8BC9CEB8-8B4A-11D0-8D11-00A0C91BC942}") = "test_dump_callback", "jansson\test_dump_callback.vcxproj", "{E3AFEDDC-D28C-365F-A469-60A4ED169C7F}"
	ProjectSection(ProjectDependencies) = postProject
		{144742F0-EA82-3539-B5FD-DAE77D82E3AC} = {144742F0-EA82-3539-B5FD-DAE77D82E3AC}
		{F75B902D-9E19-3344-A0FA-AE70D92FC7B0} = {F75B902D-9E19-3344-A0FA-AE70D92FC7B0}
	EndProjectSection
EndProject
Project("{8BC9CEB8-8B4A-11D0-8D11-00A0C91BC942}") = "test_equal", "jansson\test_equal.vcxproj", "{B70E8442-DFAD-3BFC-B99E-95C5413BCE7F}"
	ProjectSection(ProjectDependencies) = postProject
		{144742F0-EA82-3539-B5FD-DAE77D82E3AC} = {144742F0-EA82-3539-B5FD-DAE77D82E3AC}
		{F75B902D-9E19-3344-A0FA-AE70D92FC7B0} = {F75B902D-9E19-3344-A0FA-AE70D92FC7B0}
	EndProjectSection
EndProject
Project("{8BC9CEB8-8B4A-11D0-8D11-00A0C91BC942}") = "test_load", "jansson\test_load.vcxproj", "{E924715C-5D02-3D34-A136-C84FDB4C2241}"
	ProjectSection(ProjectDependencies) = postProject
		{144742F0-EA82-3539-B5FD-DAE77D82E3AC} = {144742F0-EA82-3539-B5FD-DAE77D82E3AC}
		{F75B902D-9E19-3344-A0FA-AE70D92FC7B0} = {F75B902D-9E19-3344-A0FA-AE70D92FC7B0}
	EndProjectSection
EndProject
Project("{8BC9CEB8-8B4A-11D0-8D11-00A0C91BC942}") = "test_loadb", "jansson\test_loadb.vcxproj", "{5B3D50DC-6948-3288-9A25-D49320DD3176}"
	ProjectSection(ProjectDependencies) = postProject
		{144742F0-EA82-3539-B5FD-DAE77D82E3AC} = {144742F0-EA82-3539-B5FD-DAE77D82E3AC}
		{F75B902D-9E19-3344-A0FA-AE70D92FC7B0} = {F75B902D-9E19-3344-A0FA-AE70D92FC7B0}
	EndProjectSection
EndProject
Project("{8BC9CEB8-8B4A-11D0-8D11-00A0C91BC942}") = "test_number", "jansson\test_number.vcxproj", "{BAC778BA-B005-341B-95B8-17B0D1C029EF}"
	ProjectSection(ProjectDependencies) = postProject
		{144742F0-EA82-3539-B5FD-DAE77D82E3AC} = {144742F0-EA82-3539-B5FD-DAE77D82E3AC}
		{F75B902D-9E19-3344-A0FA-AE70D92FC7B0} = {F75B902D-9E19-3344-A0FA-AE70D92FC7B0}
	EndProjectSection
EndProject
Project("{8BC9CEB8-8B4A-11D0-8D11-00A0C91BC942}") = "test_object", "jansson\test_object.vcxproj", "{593CCF08-5F3F-319A-86DE-42AA86864FBE}"
	ProjectSection(ProjectDependencies) = postProject
		{144742F0-EA82-3539-B5FD-DAE77D82E3AC} = {144742F0-EA82-3539-B5FD-DAE77D82E3AC}
		{F75B902D-9E19-3344-A0FA-AE70D92FC7B0} = {F75B902D-9E19-3344-A0FA-AE70D92FC7B0}
	EndProjectSection
EndProject
Project("{8BC9CEB8-8B4A-11D0-8D11-00A0C91BC942}") = "test_pack", "jansson\test_pack.vcxproj", "{E3F5FC27-D1E1-30A0-8124-16DB68E4A64E}"
	ProjectSection(ProjectDependencies) = postProject
		{144742F0-EA82-3539-B5FD-DAE77D82E3AC} = {144742F0-EA82-3539-B5FD-DAE77D82E3AC}
		{F75B902D-9E19-3344-A0FA-AE70D92FC7B0} = {F75B902D-9E19-3344-A0FA-AE70D92FC7B0}
	EndProjectSection
EndProject
Project("{8BC9CEB8-8B4A-11D0-8D11-00A0C91BC942}") = "test_simple", "jansson\test_simple.vcxproj", "{C1217D4D-0DC0-3722-9854-D9A5F44A11FC}"
	ProjectSection(ProjectDependencies) = postProject
		{144742F0-EA82-3539-B5FD-DAE77D82E3AC} = {144742F0-EA82-3539-B5FD-DAE77D82E3AC}
		{F75B902D-9E19-3344-A0FA-AE70D92FC7B0} = {F75B902D-9E19-3344-A0FA-AE70D92FC7B0}
	EndProjectSection
EndProject
Project("{8BC9CEB8-8B4A-11D0-8D11-00A0C91BC942}") = "test_unpack", "jansson\test_unpack.vcxproj", "{A2C3FE41-D083-3CB7-9283-6F041345FBAF}"
	ProjectSection(ProjectDependencies) = postProject
		{144742F0-EA82-3539-B5FD-DAE77D82E3AC} = {144742F0-EA82-3539-B5FD-DAE77D82E3AC}
		{F75B902D-9E19-3344-A0FA-AE70D92FC7B0} = {F75B902D-9E19-3344-A0FA-AE70D92FC7B0}
	EndProjectSection
EndProject
Global
	GlobalSection(SolutionConfigurationPlatforms) = preSolution
		Debug|Win32 = Debug|Win32
		Release|Win32 = Release|Win32
		MinSizeRel|Win32 = MinSizeRel|Win32
		RelWithDebInfo|Win32 = RelWithDebInfo|Win32
	EndGlobalSection
	GlobalSection(ProjectConfigurationPlatforms) = postSolution
		{D5BD7D95-8408-38BC-B84F-C3EFA45DCCB5}.Debug|Win32.ActiveCfg = Debug|Win32
		{D5BD7D95-8408-38BC-B84F-C3EFA45DCCB5}.Debug|Win32.Build.0 = Debug|Win32
		{D5BD7D95-8408-38BC-B84F-C3EFA45DCCB5}.Release|Win32.ActiveCfg = Release|Win32
		{D5BD7D95-8408-38BC-B84F-C3EFA45DCCB5}.Release|Win32.Build.0 = Release|Win32
		{D5BD7D95-8408-38BC-B84F-C3EFA45DCCB5}.MinSizeRel|Win32.ActiveCfg = MinSizeRel|Win32
		{D5BD7D95-8408-38BC-B84F-C3EFA45DCCB5}.MinSizeRel|Win32.Build.0 = MinSizeRel|Win32
		{D5BD7D95-8408-38BC-B84F-C3EFA45DCCB5}.RelWithDebInfo|Win32.ActiveCfg = RelWithDebInfo|Win32
		{D5BD7D95-8408-38BC-B84F-C3EFA45DCCB5}.RelWithDebInfo|Win32.Build.0 = RelWithDebInfo|Win32
		{F2B604CA-930C-35B4-BB2B-2B6F84A1C831}.Debug|Win32.ActiveCfg = Debug|Win32
		{F2B604CA-930C-35B4-BB2B-2B6F84A1C831}.Release|Win32.ActiveCfg = Release|Win32
		{F2B604CA-930C-35B4-BB2B-2B6F84A1C831}.MinSizeRel|Win32.ActiveCfg = MinSizeRel|Win32
		{F2B604CA-930C-35B4-BB2B-2B6F84A1C831}.RelWithDebInfo|Win32.ActiveCfg = RelWithDebInfo|Win32
		{144742F0-EA82-3539-B5FD-DAE77D82E3AC}.Debug|Win32.ActiveCfg = Debug|Win32
		{144742F0-EA82-3539-B5FD-DAE77D82E3AC}.Debug|Win32.Build.0 = Debug|Win32
		{144742F0-EA82-3539-B5FD-DAE77D82E3AC}.Release|Win32.ActiveCfg = Release|Win32
		{144742F0-EA82-3539-B5FD-DAE77D82E3AC}.Release|Win32.Build.0 = Release|Win32
		{144742F0-EA82-3539-B5FD-DAE77D82E3AC}.MinSizeRel|Win32.ActiveCfg = MinSizeRel|Win32
		{144742F0-EA82-3539-B5FD-DAE77D82E3AC}.MinSizeRel|Win32.Build.0 = MinSizeRel|Win32
		{144742F0-EA82-3539-B5FD-DAE77D82E3AC}.RelWithDebInfo|Win32.ActiveCfg = RelWithDebInfo|Win32
		{144742F0-EA82-3539-B5FD-DAE77D82E3AC}.RelWithDebInfo|Win32.Build.0 = RelWithDebInfo|Win32
		{EAE2091E-6870-3DCF-8368-535EDAA9BFEB}.Debug|Win32.ActiveCfg = Debug|Win32
		{EAE2091E-6870-3DCF-8368-535EDAA9BFEB}.Release|Win32.ActiveCfg = Release|Win32
		{EAE2091E-6870-3DCF-8368-535EDAA9BFEB}.MinSizeRel|Win32.ActiveCfg = MinSizeRel|Win32
		{EAE2091E-6870-3DCF-8368-535EDAA9BFEB}.RelWithDebInfo|Win32.ActiveCfg = RelWithDebInfo|Win32
		{F75B902D-9E19-3344-A0FA-AE70D92FC7B0}.Debug|Win32.ActiveCfg = Debug|Win32
		{F75B902D-9E19-3344-A0FA-AE70D92FC7B0}.Debug|Win32.Build.0 = Debug|Win32
		{F75B902D-9E19-3344-A0FA-AE70D92FC7B0}.Release|Win32.ActiveCfg = Release|Win32
		{F75B902D-9E19-3344-A0FA-AE70D92FC7B0}.Release|Win32.Build.0 = Release|Win32
		{F75B902D-9E19-3344-A0FA-AE70D92FC7B0}.MinSizeRel|Win32.ActiveCfg = MinSizeRel|Win32
		{F75B902D-9E19-3344-A0FA-AE70D92FC7B0}.MinSizeRel|Win32.Build.0 = MinSizeRel|Win32
		{F75B902D-9E19-3344-A0FA-AE70D92FC7B0}.RelWithDebInfo|Win32.ActiveCfg = RelWithDebInfo|Win32
		{F75B902D-9E19-3344-A0FA-AE70D92FC7B0}.RelWithDebInfo|Win32.Build.0 = RelWithDebInfo|Win32
		{32BF9C24-9261-30A8-805E-E13A03E3E4BE}.Debug|Win32.ActiveCfg = Debug|Win32
		{32BF9C24-9261-30A8-805E-E13A03E3E4BE}.Debug|Win32.Build.0 = Debug|Win32
		{32BF9C24-9261-30A8-805E-E13A03E3E4BE}.Release|Win32.ActiveCfg = Release|Win32
		{32BF9C24-9261-30A8-805E-E13A03E3E4BE}.Release|Win32.Build.0 = Release|Win32
		{32BF9C24-9261-30A8-805E-E13A03E3E4BE}.MinSizeRel|Win32.ActiveCfg = MinSizeRel|Win32
		{32BF9C24-9261-30A8-805E-E13A03E3E4BE}.MinSizeRel|Win32.Build.0 = MinSizeRel|Win32
		{32BF9C24-9261-30A8-805E-E13A03E3E4BE}.RelWithDebInfo|Win32.ActiveCfg = RelWithDebInfo|Win32
		{32BF9C24-9261-30A8-805E-E13A03E3E4BE}.RelWithDebInfo|Win32.Build.0 = RelWithDebInfo|Win32
		{78490414-1ADE-3080-9C0A-066242B9540C}.Debug|Win32.ActiveCfg = Debug|Win32
		{78490414-1ADE-3080-9C0A-066242B9540C}.Debug|Win32.Build.0 = Debug|Win32
		{78490414-1ADE-3080-9C0A-066242B9540C}.Release|Win32.ActiveCfg = Release|Win32
		{78490414-1ADE-3080-9C0A-066242B9540C}.Release|Win32.Build.0 = Release|Win32
		{78490414-1ADE-3080-9C0A-066242B9540C}.MinSizeRel|Win32.ActiveCfg = MinSizeRel|Win32
		{78490414-1ADE-3080-9C0A-066242B9540C}.MinSizeRel|Win32.Build.0 = MinSizeRel|Win32
		{78490414-1ADE-3080-9C0A-066242B9540C}.RelWithDebInfo|Win32.ActiveCfg = RelWithDebInfo|Win32
		{78490414-1ADE-3080-9C0A-066242B9540C}.RelWithDebInfo|Win32.Build.0 = RelWithDebInfo|Win32
		{FCB1F30E-D288-3395-9D00-1B0891BC86A5}.Debug|Win32.ActiveCfg = Debug|Win32
		{FCB1F30E-D288-3395-9D00-1B0891BC86A5}.Debug|Win32.Build.0 = Debug|Win32
		{FCB1F30E-D288-3395-9D00-1B0891BC86A5}.Release|Win32.ActiveCfg = Release|Win32
		{FCB1F30E-D288-3395-9D00-1B0891BC86A5}.Release|Win32.Build.0 = Release|Win32
		{FCB1F30E-D288-3395-9D00-1B0891BC86A5}.MinSizeRel|Win32.ActiveCfg = MinSizeRel|Win32
		{FCB1F30E-D288-3395-9D00-1B0891BC86A5}.MinSizeRel|Win32.Build.0 = MinSizeRel|Win32
		{FCB1F30E-D288-3395-9D00-1B0891BC86A5}.RelWithDebInfo|Win32.ActiveCfg = RelWithDebInfo|Win32
		{FCB1F30E-D288-3395-9D00-1B0891BC86A5}.RelWithDebInfo|Win32.Build.0 = RelWithDebInfo|Win32
		{BAA81F1C-CCAE-39B5-8BA4-B8AED6B97499}.Debug|Win32.ActiveCfg = Debug|Win32
		{BAA81F1C-CCAE-39B5-8BA4-B8AED6B97499}.Debug|Win32.Build.0 = Debug|Win32
		{BAA81F1C-CCAE-39B5-8BA4-B8AED6B97499}.Release|Win32.ActiveCfg = Release|Win32
		{BAA81F1C-CCAE-39B5-8BA4-B8AED6B97499}.Release|Win32.Build.0 = Release|Win32
		{BAA81F1C-CCAE-39B5-8BA4-B8AED6B97499}.MinSizeRel|Win32.ActiveCfg = MinSizeRel|Win32
		{BAA81F1C-CCAE-39B5-8BA4-B8AED6B97499}.MinSizeRel|Win32.Build.0 = MinSizeRel|Win32
		{BAA81F1C-CCAE-39B5-8BA4-B8AED6B97499}.RelWithDebInfo|Win32.ActiveCfg = RelWithDebInfo|Win32
		{BAA81F1C-CCAE-39B5-8BA4-B8AED6B97499}.RelWithDebInfo|Win32.Build.0 = RelWithDebInfo|Win32
		{B1B7B830-E802-3046-A63F-F473A32E9F86}.Debug|Win32.ActiveCfg = Debug|Win32
		{B1B7B830-E802-3046-A63F-F473A32E9F86}.Debug|Win32.Build.0 = Debug|Win32
		{B1B7B830-E802-3046-A63F-F473A32E9F86}.Release|Win32.ActiveCfg = Release|Win32
		{B1B7B830-E802-3046-A63F-F473A32E9F86}.Release|Win32.Build.0 = Release|Win32
		{B1B7B830-E802-3046-A63F-F473A32E9F86}.MinSizeRel|Win32.ActiveCfg = MinSizeRel|Win32
		{B1B7B830-E802-3046-A63F-F473A32E9F86}.MinSizeRel|Win32.Build.0 = MinSizeRel|Win32
		{B1B7B830-E802-3046-A63F-F473A32E9F86}.RelWithDebInfo|Win32.ActiveCfg = RelWithDebInfo|Win32
		{B1B7B830-E802-3046-A63F-F473A32E9F86}.RelWithDebInfo|Win32.Build.0 = RelWithDebInfo|Win32
		{D5DE19C3-E5F1-3AA9-A808-CA6225122563}.Debug|Win32.ActiveCfg = Debug|Win32
		{D5DE19C3-E5F1-3AA9-A808-CA6225122563}.Debug|Win32.Build.0 = Debug|Win32
		{D5DE19C3-E5F1-3AA9-A808-CA6225122563}.Release|Win32.ActiveCfg = Release|Win32
		{D5DE19C3-E5F1-3AA9-A808-CA6225122563}.Release|Win32.Build.0 = Release|Win32
		{D5DE19C3-E5F1-3AA9-A808-CA6225122563}.MinSizeRel|Win32.ActiveCfg = MinSizeRel|Win32
		{D5DE19C3-E5F1-3AA9-A808-CA6225122563}.MinSizeRel|Win32.Build.0 = MinSizeRel|Win32
		{D5DE19C3-E5F1-3AA9-A808-CA6225122563}.RelWithDebInfo|Win32.ActiveCfg = RelWithDebInfo|Win32
		{D5DE19C3-E5F1-3AA9-A808-CA6225122563}.RelWithDebInfo|Win32.Build.0 = RelWithDebInfo|Win32
		{E3AFEDDC-D28C-365F-A469-60A4ED169C7F}.Debug|Win32.ActiveCfg = Debug|Win32
		{E3AFEDDC-D28C-365F-A469-60A4ED169C7F}.Debug|Win32.Build.0 = Debug|Win32
		{E3AFEDDC-D28C-365F-A469-60A4ED169C7F}.Release|Win32.ActiveCfg = Release|Win32
		{E3AFEDDC-D28C-365F-A469-60A4ED169C7F}.Release|Win32.Build.0 = Release|Win32
		{E3AFEDDC-D28C-365F-A469-60A4ED169C7F}.MinSizeRel|Win32.ActiveCfg = MinSizeRel|Win32
		{E3AFEDDC-D28C-365F-A469-60A4ED169C7F}.MinSizeRel|Win32.Build.0 = MinSizeRel|Win32
		{E3AFEDDC-D28C-365F-A469-60A4ED169C7F}.RelWithDebInfo|Win32.ActiveCfg = RelWithDebInfo|Win32
		{E3AFEDDC-D28C-365F-A469-60A4ED169C7F}.RelWithDebInfo|Win32.Build.0 = RelWithDebInfo|Win32
		{B70E8442-DFAD-3BFC-B99E-95C5413BCE7F}.Debug|Win32.ActiveCfg = Debug|Win32
		{B70E8442-DFAD-3BFC-B99E-95C5413BCE7F}.Debug|Win32.Build.0 = Debug|Win32
		{B70E8442-DFAD-3BFC-B99E-95C5413BCE7F}.Release|Win32.ActiveCfg = Release|Win32
		{B70E8442-DFAD-3BFC-B99E-95C5413BCE7F}.Release|Win32.Build.0 = Release|Win32
		{B70E8442-DFAD-3BFC-B99E-95C5413BCE7F}.MinSizeRel|Win32.ActiveCfg = MinSizeRel|Win32
		{B70E8442-DFAD-3BFC-B99E-95C5413BCE7F}.MinSizeRel|Win32.Build.0 = MinSizeRel|Win32
		{B70E8442-DFAD-3BFC-B99E-95C5413BCE7F}.RelWithDebInfo|Win32.ActiveCfg = RelWithDebInfo|Win32
		{B70E8442-DFAD-3BFC-B99E-95C5413BCE7F}.RelWithDebInfo|Win32.Build.0 = RelWithDebInfo|Win32
		{E924715C-5D02-3D34-A136-C84FDB4C2241}.Debug|Win32.ActiveCfg = Debug|Win32
		{E924715C-5D02-3D34-A136-C84FDB4C2241}.Debug|Win32.Build.0 = Debug|Win32
		{E924715C-5D02-3D34-A136-C84FDB4C2241}.Release|Win32.ActiveCfg = Release|Win32
		{E924715C-5D02-3D34-A136-C84FDB4C2241}.Release|Win32.Build.0 = Release|Win32
		{E924715C-5D02-3D34-A136-C84FDB4C2241}.MinSizeRel|Win32.ActiveCfg = MinSizeRel|Win32
		{E924715C-5D02-3D34-A136-C84FDB4C2241}.MinSizeRel|Win32.Build.0 = MinSizeRel|Win32
		{E924715C-5D02-3D34-A136-C84FDB4C2241}.RelWithDebInfo|Win32.ActiveCfg = RelWithDebInfo|Win32
		{E924715C-5D02-3D34-A136-C84FDB4C2241}.RelWithDebInfo|Win32.Build.0 = RelWithDebInfo|Win32
		{5B3D50DC-6948-3288-9A25-D49320DD3176}.Debug|Win32.ActiveCfg = Debug|Win32
		{5B3D50DC-6948-3288-9A25-D49320DD3176}.Debug|Win32.Build.0 = Debug|Win32
		{5B3D50DC-6948-3288-9A25-D49320DD3176}.Release|Win32.ActiveCfg = Release|Win32
		{5B3D50DC-6948-3288-9A25-D49320DD3176}.Release|Win32.Build.0 = Release|Win32
		{5B3D50DC-6948-3288-9A25-D49320DD3176}.MinSizeRel|Win32.ActiveCfg = MinSizeRel|Win32
		{5B3D50DC-6948-3288-9A25-D49320DD3176}.MinSizeRel|Win32.Build.0 = MinSizeRel|Win32
		{5B3D50DC-6948-3288-9A25-D49320DD3176}.RelWithDebInfo|Win32.ActiveCfg = RelWithDebInfo|Win32
		{5B3D50DC-6948-3288-9A25-D49320DD3176}.RelWithDebInfo|Win32.Build.0 = RelWithDebInfo|Win32
		{BAC778BA-B005-341B-95B8-17B0D1C029EF}.Debug|Win32.ActiveCfg = Debug|Win32
		{BAC778BA-B005-341B-95B8-17B0D1C029EF}.Debug|Win32.Build.0 = Debug|Win32
		{BAC778BA-B005-341B-95B8-17B0D1C029EF}.Release|Win32.ActiveCfg = Release|Win32
		{BAC778BA-B005-341B-95B8-17B0D1C029EF}.Release|Win32.Build.0 = Release|Win32
		{BAC778BA-B005-341B-95B8-17B0D1C029EF}.MinSizeRel|Win32.ActiveCfg = MinSizeRel|Win32
		{BAC778BA-B005-341B-95B8-17B0D1C029EF}.MinSizeRel|Win32.Build.0 = MinSizeRel|Win32
		{BAC778BA-B005-341B-95B8-17B0D1C029EF}.RelWithDebInfo|Win32.ActiveCfg = RelWithDebInfo|Win32
		{BAC778BA-B005-341B-95B8-17B0D1C029EF}.RelWithDebInfo|Win32.Build.0 = RelWithDebInfo|Win32
		{593CCF08-5F3F-319A-86DE-42AA86864FBE}.Debug|Win32.ActiveCfg = Debug|Win32
		{593CCF08-5F3F-319A-86DE-42AA86864FBE}.Debug|Win32.Build.0 = Debug|Win32
		{593CCF08-5F3F-319A-86DE-42AA86864FBE}.Release|Win32.ActiveCfg = Release|Win32
		{593CCF08-5F3F-319A-86DE-42AA86864FBE}.Release|Win32.Build.0 = Release|Win32
		{593CCF08-5F3F-319A-86DE-42AA86864FBE}.MinSizeRel|Win32.ActiveCfg = MinSizeRel|Win32
		{593CCF08-5F3F-319A-86DE-42AA86864FBE}.MinSizeRel|Win32.Build.0 = MinSizeRel|Win32
		{593CCF08-5F3F-319A-86DE-42AA86864FBE}.RelWithDebInfo|Win32.ActiveCfg = RelWithDebInfo|Win32
		{593CCF08-5F3F-319A-86DE-42AA86864FBE}.RelWithDebInfo|Win32.Build.0 = RelWithDebInfo|Win32
		{E3F5FC27-D1E1-30A0-8124-16DB68E4A64E}.Debug|Win32.ActiveCfg = Debug|Win32
		{E3F5FC27-D1E1-30A0-8124-16DB68E4A64E}.Debug|Win32.Build.0 = Debug|Win32
		{E3F5FC27-D1E1-30A0-8124-16DB68E4A64E}.Release|Win32.ActiveCfg = Release|Win32
		{E3F5FC27-D1E1-30A0-8124-16DB68E4A64E}.Release|Win32.Build.0 = Release|Win32
		{E3F5FC27-D1E1-30A0-8124-16DB68E4A64E}.MinSizeRel|Win32.ActiveCfg = MinSizeRel|Win32
		{E3F5FC27-D1E1-30A0-8124-16DB68E4A64E}.MinSizeRel|Win32.Build.0 = MinSizeRel|Win32
		{E3F5FC27-D1E1-30A0-8124-16DB68E4A64E}.RelWithDebInfo|Win32.ActiveCfg = RelWithDebInfo|Win32
		{E3F5FC27-D1E1-30A0-8124-16DB68E4A64E}.RelWithDebInfo|Win32.Build.0 = RelWithDebInfo|Win32
		{C1217D4D-0DC0-3722-9854-D9A5F44A11FC}.Debug|Win32.ActiveCfg = Debug|Win32
		{C1217D4D-0DC0-3722-9854-D9A5F44A11FC}.Debug|Win32.Build.0 = Debug|Win32
		{C1217D4D-0DC0-3722-9854-D9A5F44A11FC}.Release|Win32.ActiveCfg = Release|Win32
		{C1217D4D-0DC0-3722-9854-D9A5F44A11FC}.Release|Win32.Build.0 = Release|Win32
		{C1217D4D-0DC0-3722-9854-D9A5F44A11FC}.MinSizeRel|Win32.ActiveCfg = MinSizeRel|Win32
		{C1217D4D-0DC0-3722-9854-D9A5F44A11FC}.MinSizeRel|Win32.Build.0 = MinSizeRel|Win32
		{C1217D4D-0DC0-3722-9854-D9A5F44A11FC}.RelWithDebInfo|Win32.ActiveCfg = RelWithDebInfo|Win32
		{C1217D4D-0DC0-3722-9854-D9A5F44A11FC}.RelWithDebInfo|Win32.Build.0 = RelWithDebInfo|Win32
		{A2C3FE41-D083-3CB7-9283-6F041345FBAF}.Debug|Win32.ActiveCfg = Debug|Win32
		{A2C3FE41-D083-3CB7-9283-6F041345FBAF}.Debug|Win32.Build.0 = Debug|Win32
		{A2C3FE41-D083-3CB7-9283-6F041345FBAF}.Release|Win32.ActiveCfg = Release|Win32
		{A2C3FE41-D083-3CB7-9283-6F041345FBAF}.Release|Win32.Build.0 = Release|Win32
		{A2C3FE41-D083-3CB7-9283-6F041345FBAF}.MinSizeRel|Win32.ActiveCfg = MinSizeRel|Win32
		{A2C3FE41-D083-3CB7-9283-6F041345FBAF}.MinSizeRel|Win32.Build.0 = MinSizeRel|Win32
		{A2C3FE41-D083-3CB7-9283-6F041345FBAF}.RelWithDebInfo|Win32.ActiveCfg = RelWithDebInfo|Win32
		{A2C3FE41-D083-3CB7-9283-6F041345FBAF}.RelWithDebInfo|Win32.Build.0 = RelWithDebInfo|Win32
	EndGlobalSection
	GlobalSection(ExtensibilityGlobals) = postSolution
	EndGlobalSection
	GlobalSection(ExtensibilityAddIns) = postSolution
	EndGlobalSection
EndGlobal
