<?xml version="1.0" encoding="UTF-8"?>
<Project ToolsVersion="14.0" xmlns="http://schemas.microsoft.com/developer/msbuild/2003">
  <ItemGroup>
    <CustomBuild Include="C:\src\latino-json\jansson\CMakeLists.txt" />
    <CustomBuild Include="C:\src\latino-json\visualstudio\CMakeFiles\0200181cc3cc16b8a972a1cbbbb5b481\check.rule">
      <Filter>CMake Rules</Filter>
    </CustomBuild>
  </ItemGroup>
  <ItemGroup>
    <None Include="C:\src\latino-json\visualstudio\jansson\CMakeFiles\check" />
  </ItemGroup>
  <ItemGroup>
    <Filter Include="CMake Rules">
      <UniqueIdentifier>{81989F9E-2062-33D9-B480-8CE619630302}</UniqueIdentifier>
    </Filter>
  </ItemGroup>
</Project>
