<?xml version="1.0" encoding="UTF-8"?>
<Project ToolsVersion="14.0" xmlns="http://schemas.microsoft.com/developer/msbuild/2003">
  <ItemGroup>
    <CustomBuild Include="C:\Users\color\src\latino-json\jansson\CMakeLists.txt" />
    <CustomBuild Include="C:\Users\color\src\latino-json\visualstudio\CMakeFiles\3e8e87c5cdc1dd697f9170574505dbac\check.rule">
      <Filter>CMake Rules</Filter>
    </CustomBuild>
  </ItemGroup>
  <ItemGroup>
    <None Include="C:\Users\color\src\latino-json\visualstudio\jansson\CMakeFiles\check" />
  </ItemGroup>
  <ItemGroup>
    <Filter Include="CMake Rules">
      <UniqueIdentifier>{CF7AB457-241E-30ED-B19B-C40247FD73E9}</UniqueIdentifier>
    </Filter>
  </ItemGroup>
</Project>
