Microsoft Visual Studio Solution File, Format Version 12.00
# Visual Studio 14
Project("{8BC9CEB8-8B4A-11D0-8D11-00A0C91BC942}") = "ALL_BUILD", "ALL_BUILD.vcxproj", "{8BDCEACF-BBCE-37F4-B562-45E7CC36268F}"
	ProjectSection(ProjectDependencies) = postProject
		{36E236D5-ECF2-36AC-A8A6-00FDC9C9156F} = {36E236D5-ECF2-36AC-A8A6-00FDC9C9156F}
		{9FEFE29E-A811-328F-93A0-E36FA19BFCDE} = {9FEFE29E-A811-328F-93A0-E36FA19BFCDE}
		{868CB3AF-AE5D-3638-807E-8875B43C1F63} = {868CB3AF-AE5D-3638-807E-8875B43C1F63}
		{930411C0-57C1-38C9-BB30-78E826B9AA05} = {930411C0-57C1-38C9-BB30-78E826B9AA05}
		{73646649-4E29-348D-838C-07C8952D8B75} = {73646649-4E29-348D-838C-07C8952D8B75}
		{85C1C8A2-018A-333B-94E5-1B2D94533798} = {85C1C8A2-018A-333B-94E5-1B2D94533798}
		{692D98DF-CDF0-3D28-8B49-9FBF7E40B6D6} = {692D98DF-CDF0-3D28-8B49-9FBF7E40B6D6}
		{3C62C986-6C3A-37BD-B3A6-4464CA964296} = {3C62C986-6C3A-37BD-B3A6-4464CA964296}
		{4692762F-0C9D-30FC-9FDE-13E9AE9B89C0} = {4692762F-0C9D-30FC-9FDE-13E9AE9B89C0}
		{06A5DC2D-CD4C-3A76-B2C0-6459B35BF919} = {06A5DC2D-CD4C-3A76-B2C0-6459B35BF919}
		{34659A94-4283-35C9-AE3D-1072DBBEB86A} = {34659A94-4283-35C9-AE3D-1072DBBEB86A}
		{3BD4CC4E-E905-3889-BAAD-8E870049CCB3} = {3BD4CC4E-E905-3889-BAAD-8E870049CCB3}
		{B42B2B00-CCE2-3FE1-B8FD-4B4CE6D710EC} = {B42B2B00-CCE2-3FE1-B8FD-4B4CE6D710EC}
		{BF394F72-E92F-3CC3-9D3C-11E58C93433F} = {BF394F72-E92F-3CC3-9D3C-11E58C93433F}
		{282D533D-F34C-3AE4-A5B5-54075CACADA0} = {282D533D-F34C-3AE4-A5B5-54075CACADA0}
		{DB99EF5A-25C8-34FF-8A02-C0D1A76BF25B} = {DB99EF5A-25C8-34FF-8A02-C0D1A76BF25B}
	EndProjectSection
EndProject
Project("{8BC9CEB8-8B4A-11D0-8D11-00A0C91BC942}") = "INSTALL", "INSTALL.vcxproj", "{EF64009E-BAE1-3BFC-911C-B96DBAD02070}"
	ProjectSection(ProjectDependencies) = postProject
		{8BDCEACF-BBCE-37F4-B562-45E7CC36268F} = {8BDCEACF-BBCE-37F4-B562-45E7CC36268F}
		{36E236D5-ECF2-36AC-A8A6-00FDC9C9156F} = {36E236D5-ECF2-36AC-A8A6-00FDC9C9156F}
	EndProjectSection
EndProject
Project("{8BC9CEB8-8B4A-11D0-8D11-00A0C91BC942}") = "ZERO_CHECK", "..\\ZERO_CHECK.vcxproj", "{36E236D5-ECF2-36AC-A8A6-00FDC9C9156F}"
	ProjectSection(ProjectDependencies) = postProject
	EndProjectSection
EndProject
Project("{8BC9CEB8-8B4A-11D0-8D11-00A0C91BC942}") = "check", "check.vcxproj", "{0DFD0287-19C8-3F88-A675-DD43387521E2}"
	ProjectSection(ProjectDependencies) = postProject
		{36E236D5-ECF2-36AC-A8A6-00FDC9C9156F} = {36E236D5-ECF2-36AC-A8A6-00FDC9C9156F}
		{868CB3AF-AE5D-3638-807E-8875B43C1F63} = {868CB3AF-AE5D-3638-807E-8875B43C1F63}
		{73646649-4E29-348D-838C-07C8952D8B75} = {73646649-4E29-348D-838C-07C8952D8B75}
		{85C1C8A2-018A-333B-94E5-1B2D94533798} = {85C1C8A2-018A-333B-94E5-1B2D94533798}
		{692D98DF-CDF0-3D28-8B49-9FBF7E40B6D6} = {692D98DF-CDF0-3D28-8B49-9FBF7E40B6D6}
		{3C62C986-6C3A-37BD-B3A6-4464CA964296} = {3C62C986-6C3A-37BD-B3A6-4464CA964296}
		{4692762F-0C9D-30FC-9FDE-13E9AE9B89C0} = {4692762F-0C9D-30FC-9FDE-13E9AE9B89C0}
		{06A5DC2D-CD4C-3A76-B2C0-6459B35BF919} = {06A5DC2D-CD4C-3A76-B2C0-6459B35BF919}
		{34659A94-4283-35C9-AE3D-1072DBBEB86A} = {34659A94-4283-35C9-AE3D-1072DBBEB86A}
		{3BD4CC4E-E905-3889-BAAD-8E870049CCB3} = {3BD4CC4E-E905-3889-BAAD-8E870049CCB3}
		{B42B2B00-CCE2-3FE1-B8FD-4B4CE6D710EC} = {B42B2B00-CCE2-3FE1-B8FD-4B4CE6D710EC}
		{BF394F72-E92F-3CC3-9D3C-11E58C93433F} = {BF394F72-E92F-3CC3-9D3C-11E58C93433F}
		{282D533D-F34C-3AE4-A5B5-54075CACADA0} = {282D533D-F34C-3AE4-A5B5-54075CACADA0}
		{DB99EF5A-25C8-34FF-8A02-C0D1A76BF25B} = {DB99EF5A-25C8-34FF-8A02-C0D1A76BF25B}
	EndProjectSection
EndProject
Project("{8BC9CEB8-8B4A-11D0-8D11-00A0C91BC942}") = "jansson", "jansson.vcxproj", "{9FEFE29E-A811-328F-93A0-E36FA19BFCDE}"
	ProjectSection(ProjectDependencies) = postProject
		{36E236D5-ECF2-36AC-A8A6-00FDC9C9156F} = {36E236D5-ECF2-36AC-A8A6-00FDC9C9156F}
	EndProjectSection
EndProject
Project("{8BC9CEB8-8B4A-11D0-8D11-00A0C91BC942}") = "json_process", "json_process.vcxproj", "{868CB3AF-AE5D-3638-807E-8875B43C1F63}"
	ProjectSection(ProjectDependencies) = postProject
		{36E236D5-ECF2-36AC-A8A6-00FDC9C9156F} = {36E236D5-ECF2-36AC-A8A6-00FDC9C9156F}
		{9FEFE29E-A811-328F-93A0-E36FA19BFCDE} = {9FEFE29E-A811-328F-93A0-E36FA19BFCDE}
	EndProjectSection
EndProject
Project("{8BC9CEB8-8B4A-11D0-8D11-00A0C91BC942}") = "simple_parse", "simple_parse.vcxproj", "{930411C0-57C1-38C9-BB30-78E826B9AA05}"
	ProjectSection(ProjectDependencies) = postProject
		{36E236D5-ECF2-36AC-A8A6-00FDC9C9156F} = {36E236D5-ECF2-36AC-A8A6-00FDC9C9156F}
		{9FEFE29E-A811-328F-93A0-E36FA19BFCDE} = {9FEFE29E-A811-328F-93A0-E36FA19BFCDE}
	EndProjectSection
EndProject
Project("{8BC9CEB8-8B4A-11D0-8D11-00A0C91BC942}") = "test_array", "test_array.vcxproj", "{73646649-4E29-348D-838C-07C8952D8B75}"
	ProjectSection(ProjectDependencies) = postProject
		{36E236D5-ECF2-36AC-A8A6-00FDC9C9156F} = {36E236D5-ECF2-36AC-A8A6-00FDC9C9156F}
		{9FEFE29E-A811-328F-93A0-E36FA19BFCDE} = {9FEFE29E-A811-328F-93A0-E36FA19BFCDE}
	EndProjectSection
EndProject
Project("{8BC9CEB8-8B4A-11D0-8D11-00A0C91BC942}") = "test_copy", "test_copy.vcxproj", "{85C1C8A2-018A-333B-94E5-1B2D94533798}"
	ProjectSection(ProjectDependencies) = postProject
		{36E236D5-ECF2-36AC-A8A6-00FDC9C9156F} = {36E236D5-ECF2-36AC-A8A6-00FDC9C9156F}
		{9FEFE29E-A811-328F-93A0-E36FA19BFCDE} = {9FEFE29E-A811-328F-93A0-E36FA19BFCDE}
	EndProjectSection
EndProject
Project("{8BC9CEB8-8B4A-11D0-8D11-00A0C91BC942}") = "test_dump", "test_dump.vcxproj", "{692D98DF-CDF0-3D28-8B49-9FBF7E40B6D6}"
	ProjectSection(ProjectDependencies) = postProject
		{36E236D5-ECF2-36AC-A8A6-00FDC9C9156F} = {36E236D5-ECF2-36AC-A8A6-00FDC9C9156F}
		{9FEFE29E-A811-328F-93A0-E36FA19BFCDE} = {9FEFE29E-A811-328F-93A0-E36FA19BFCDE}
	EndProjectSection
EndProject
Project("{8BC9CEB8-8B4A-11D0-8D11-00A0C91BC942}") = "test_dump_callback", "test_dump_callback.vcxproj", "{3C62C986-6C3A-37BD-B3A6-4464CA964296}"
	ProjectSection(ProjectDependencies) = postProject
		{36E236D5-ECF2-36AC-A8A6-00FDC9C9156F} = {36E236D5-ECF2-36AC-A8A6-00FDC9C9156F}
		{9FEFE29E-A811-328F-93A0-E36FA19BFCDE} = {9FEFE29E-A811-328F-93A0-E36FA19BFCDE}
	EndProjectSection
EndProject
Project("{8BC9CEB8-8B4A-11D0-8D11-00A0C91BC942}") = "test_equal", "test_equal.vcxproj", "{4692762F-0C9D-30FC-9FDE-13E9AE9B89C0}"
	ProjectSection(ProjectDependencies) = postProject
		{36E236D5-ECF2-36AC-A8A6-00FDC9C9156F} = {36E236D5-ECF2-36AC-A8A6-00FDC9C9156F}
		{9FEFE29E-A811-328F-93A0-E36FA19BFCDE} = {9FEFE29E-A811-328F-93A0-E36FA19BFCDE}
	EndProjectSection
EndProject
Project("{8BC9CEB8-8B4A-11D0-8D11-00A0C91BC942}") = "test_load", "test_load.vcxproj", "{06A5DC2D-CD4C-3A76-B2C0-6459B35BF919}"
	ProjectSection(ProjectDependencies) = postProject
		{36E236D5-ECF2-36AC-A8A6-00FDC9C9156F} = {36E236D5-ECF2-36AC-A8A6-00FDC9C9156F}
		{9FEFE29E-A811-328F-93A0-E36FA19BFCDE} = {9FEFE29E-A811-328F-93A0-E36FA19BFCDE}
	EndProjectSection
EndProject
Project("{8BC9CEB8-8B4A-11D0-8D11-00A0C91BC942}") = "test_loadb", "test_loadb.vcxproj", "{34659A94-4283-35C9-AE3D-1072DBBEB86A}"
	ProjectSection(ProjectDependencies) = postProject
		{36E236D5-ECF2-36AC-A8A6-00FDC9C9156F} = {36E236D5-ECF2-36AC-A8A6-00FDC9C9156F}
		{9FEFE29E-A811-328F-93A0-E36FA19BFCDE} = {9FEFE29E-A811-328F-93A0-E36FA19BFCDE}
	EndProjectSection
EndProject
Project("{8BC9CEB8-8B4A-11D0-8D11-00A0C91BC942}") = "test_number", "test_number.vcxproj", "{3BD4CC4E-E905-3889-BAAD-8E870049CCB3}"
	ProjectSection(ProjectDependencies) = postProject
		{36E236D5-ECF2-36AC-A8A6-00FDC9C9156F} = {36E236D5-ECF2-36AC-A8A6-00FDC9C9156F}
		{9FEFE29E-A811-328F-93A0-E36FA19BFCDE} = {9FEFE29E-A811-328F-93A0-E36FA19BFCDE}
	EndProjectSection
EndProject
Project("{8BC9CEB8-8B4A-11D0-8D11-00A0C91BC942}") = "test_object", "test_object.vcxproj", "{B42B2B00-CCE2-3FE1-B8FD-4B4CE6D710EC}"
	ProjectSection(ProjectDependencies) = postProject
		{36E236D5-ECF2-36AC-A8A6-00FDC9C9156F} = {36E236D5-ECF2-36AC-A8A6-00FDC9C9156F}
		{9FEFE29E-A811-328F-93A0-E36FA19BFCDE} = {9FEFE29E-A811-328F-93A0-E36FA19BFCDE}
	EndProjectSection
EndProject
Project("{8BC9CEB8-8B4A-11D0-8D11-00A0C91BC942}") = "test_pack", "test_pack.vcxproj", "{BF394F72-E92F-3CC3-9D3C-11E58C93433F}"
	ProjectSection(ProjectDependencies) = postProject
		{36E236D5-ECF2-36AC-A8A6-00FDC9C9156F} = {36E236D5-ECF2-36AC-A8A6-00FDC9C9156F}
		{9FEFE29E-A811-328F-93A0-E36FA19BFCDE} = {9FEFE29E-A811-328F-93A0-E36FA19BFCDE}
	EndProjectSection
EndProject
Project("{8BC9CEB8-8B4A-11D0-8D11-00A0C91BC942}") = "test_simple", "test_simple.vcxproj", "{282D533D-F34C-3AE4-A5B5-54075CACADA0}"
	ProjectSection(ProjectDependencies) = postProject
		{36E236D5-ECF2-36AC-A8A6-00FDC9C9156F} = {36E236D5-ECF2-36AC-A8A6-00FDC9C9156F}
		{9FEFE29E-A811-328F-93A0-E36FA19BFCDE} = {9FEFE29E-A811-328F-93A0-E36FA19BFCDE}
	EndProjectSection
EndProject
Project("{8BC9CEB8-8B4A-11D0-8D11-00A0C91BC942}") = "test_unpack", "test_unpack.vcxproj", "{DB99EF5A-25C8-34FF-8A02-C0D1A76BF25B}"
	ProjectSection(ProjectDependencies) = postProject
		{36E236D5-ECF2-36AC-A8A6-00FDC9C9156F} = {36E236D5-ECF2-36AC-A8A6-00FDC9C9156F}
		{9FEFE29E-A811-328F-93A0-E36FA19BFCDE} = {9FEFE29E-A811-328F-93A0-E36FA19BFCDE}
	EndProjectSection
EndProject
Global
	GlobalSection(SolutionConfigurationPlatforms) = preSolution
		Debug|Win32 = Debug|Win32
		Release|Win32 = Release|Win32
		MinSizeRel|Win32 = MinSizeRel|Win32
		RelWithDebInfo|Win32 = RelWithDebInfo|Win32
	EndGlobalSection
	GlobalSection(ProjectConfigurationPlatforms) = postSolution
		{8BDCEACF-BBCE-37F4-B562-45E7CC36268F}.Debug|Win32.ActiveCfg = Debug|Win32
		{8BDCEACF-BBCE-37F4-B562-45E7CC36268F}.Debug|Win32.Build.0 = Debug|Win32
		{8BDCEACF-BBCE-37F4-B562-45E7CC36268F}.Release|Win32.ActiveCfg = Release|Win32
		{8BDCEACF-BBCE-37F4-B562-45E7CC36268F}.Release|Win32.Build.0 = Release|Win32
		{8BDCEACF-BBCE-37F4-B562-45E7CC36268F}.MinSizeRel|Win32.ActiveCfg = MinSizeRel|Win32
		{8BDCEACF-BBCE-37F4-B562-45E7CC36268F}.MinSizeRel|Win32.Build.0 = MinSizeRel|Win32
		{8BDCEACF-BBCE-37F4-B562-45E7CC36268F}.RelWithDebInfo|Win32.ActiveCfg = RelWithDebInfo|Win32
		{8BDCEACF-BBCE-37F4-B562-45E7CC36268F}.RelWithDebInfo|Win32.Build.0 = RelWithDebInfo|Win32
		{EF64009E-BAE1-3BFC-911C-B96DBAD02070}.Debug|Win32.ActiveCfg = Debug|Win32
		{EF64009E-BAE1-3BFC-911C-B96DBAD02070}.Release|Win32.ActiveCfg = Release|Win32
		{EF64009E-BAE1-3BFC-911C-B96DBAD02070}.MinSizeRel|Win32.ActiveCfg = MinSizeRel|Win32
		{EF64009E-BAE1-3BFC-911C-B96DBAD02070}.RelWithDebInfo|Win32.ActiveCfg = RelWithDebInfo|Win32
		{36E236D5-ECF2-36AC-A8A6-00FDC9C9156F}.Debug|Win32.ActiveCfg = Debug|Win32
		{36E236D5-ECF2-36AC-A8A6-00FDC9C9156F}.Debug|Win32.Build.0 = Debug|Win32
		{36E236D5-ECF2-36AC-A8A6-00FDC9C9156F}.Release|Win32.ActiveCfg = Release|Win32
		{36E236D5-ECF2-36AC-A8A6-00FDC9C9156F}.Release|Win32.Build.0 = Release|Win32
		{36E236D5-ECF2-36AC-A8A6-00FDC9C9156F}.MinSizeRel|Win32.ActiveCfg = MinSizeRel|Win32
		{36E236D5-ECF2-36AC-A8A6-00FDC9C9156F}.MinSizeRel|Win32.Build.0 = MinSizeRel|Win32
		{36E236D5-ECF2-36AC-A8A6-00FDC9C9156F}.RelWithDebInfo|Win32.ActiveCfg = RelWithDebInfo|Win32
		{36E236D5-ECF2-36AC-A8A6-00FDC9C9156F}.RelWithDebInfo|Win32.Build.0 = RelWithDebInfo|Win32
		{0DFD0287-19C8-3F88-A675-DD43387521E2}.Debug|Win32.ActiveCfg = Debug|Win32
		{0DFD0287-19C8-3F88-A675-DD43387521E2}.Release|Win32.ActiveCfg = Release|Win32
		{0DFD0287-19C8-3F88-A675-DD43387521E2}.MinSizeRel|Win32.ActiveCfg = MinSizeRel|Win32
		{0DFD0287-19C8-3F88-A675-DD43387521E2}.RelWithDebInfo|Win32.ActiveCfg = RelWithDebInfo|Win32
		{9FEFE29E-A811-328F-93A0-E36FA19BFCDE}.Debug|Win32.ActiveCfg = Debug|Win32
		{9FEFE29E-A811-328F-93A0-E36FA19BFCDE}.Debug|Win32.Build.0 = Debug|Win32
		{9FEFE29E-A811-328F-93A0-E36FA19BFCDE}.Release|Win32.ActiveCfg = Release|Win32
		{9FEFE29E-A811-328F-93A0-E36FA19BFCDE}.Release|Win32.Build.0 = Release|Win32
		{9FEFE29E-A811-328F-93A0-E36FA19BFCDE}.MinSizeRel|Win32.ActiveCfg = MinSizeRel|Win32
		{9FEFE29E-A811-328F-93A0-E36FA19BFCDE}.MinSizeRel|Win32.Build.0 = MinSizeRel|Win32
		{9FEFE29E-A811-328F-93A0-E36FA19BFCDE}.RelWithDebInfo|Win32.ActiveCfg = RelWithDebInfo|Win32
		{9FEFE29E-A811-328F-93A0-E36FA19BFCDE}.RelWithDebInfo|Win32.Build.0 = RelWithDebInfo|Win32
		{868CB3AF-AE5D-3638-807E-8875B43C1F63}.Debug|Win32.ActiveCfg = Debug|Win32
		{868CB3AF-AE5D-3638-807E-8875B43C1F63}.Debug|Win32.Build.0 = Debug|Win32
		{868CB3AF-AE5D-3638-807E-8875B43C1F63}.Release|Win32.ActiveCfg = Release|Win32
		{868CB3AF-AE5D-3638-807E-8875B43C1F63}.Release|Win32.Build.0 = Release|Win32
		{868CB3AF-AE5D-3638-807E-8875B43C1F63}.MinSizeRel|Win32.ActiveCfg = MinSizeRel|Win32
		{868CB3AF-AE5D-3638-807E-8875B43C1F63}.MinSizeRel|Win32.Build.0 = MinSizeRel|Win32
		{868CB3AF-AE5D-3638-807E-8875B43C1F63}.RelWithDebInfo|Win32.ActiveCfg = RelWithDebInfo|Win32
		{868CB3AF-AE5D-3638-807E-8875B43C1F63}.RelWithDebInfo|Win32.Build.0 = RelWithDebInfo|Win32
		{930411C0-57C1-38C9-BB30-78E826B9AA05}.Debug|Win32.ActiveCfg = Debug|Win32
		{930411C0-57C1-38C9-BB30-78E826B9AA05}.Debug|Win32.Build.0 = Debug|Win32
		{930411C0-57C1-38C9-BB30-78E826B9AA05}.Release|Win32.ActiveCfg = Release|Win32
		{930411C0-57C1-38C9-BB30-78E826B9AA05}.Release|Win32.Build.0 = Release|Win32
		{930411C0-57C1-38C9-BB30-78E826B9AA05}.MinSizeRel|Win32.ActiveCfg = MinSizeRel|Win32
		{930411C0-57C1-38C9-BB30-78E826B9AA05}.MinSizeRel|Win32.Build.0 = MinSizeRel|Win32
		{930411C0-57C1-38C9-BB30-78E826B9AA05}.RelWithDebInfo|Win32.ActiveCfg = RelWithDebInfo|Win32
		{930411C0-57C1-38C9-BB30-78E826B9AA05}.RelWithDebInfo|Win32.Build.0 = RelWithDebInfo|Win32
		{73646649-4E29-348D-838C-07C8952D8B75}.Debug|Win32.ActiveCfg = Debug|Win32
		{73646649-4E29-348D-838C-07C8952D8B75}.Debug|Win32.Build.0 = Debug|Win32
		{73646649-4E29-348D-838C-07C8952D8B75}.Release|Win32.ActiveCfg = Release|Win32
		{73646649-4E29-348D-838C-07C8952D8B75}.Release|Win32.Build.0 = Release|Win32
		{73646649-4E29-348D-838C-07C8952D8B75}.MinSizeRel|Win32.ActiveCfg = MinSizeRel|Win32
		{73646649-4E29-348D-838C-07C8952D8B75}.MinSizeRel|Win32.Build.0 = MinSizeRel|Win32
		{73646649-4E29-348D-838C-07C8952D8B75}.RelWithDebInfo|Win32.ActiveCfg = RelWithDebInfo|Win32
		{73646649-4E29-348D-838C-07C8952D8B75}.RelWithDebInfo|Win32.Build.0 = RelWithDebInfo|Win32
		{85C1C8A2-018A-333B-94E5-1B2D94533798}.Debug|Win32.ActiveCfg = Debug|Win32
		{85C1C8A2-018A-333B-94E5-1B2D94533798}.Debug|Win32.Build.0 = Debug|Win32
		{85C1C8A2-018A-333B-94E5-1B2D94533798}.Release|Win32.ActiveCfg = Release|Win32
		{85C1C8A2-018A-333B-94E5-1B2D94533798}.Release|Win32.Build.0 = Release|Win32
		{85C1C8A2-018A-333B-94E5-1B2D94533798}.MinSizeRel|Win32.ActiveCfg = MinSizeRel|Win32
		{85C1C8A2-018A-333B-94E5-1B2D94533798}.MinSizeRel|Win32.Build.0 = MinSizeRel|Win32
		{85C1C8A2-018A-333B-94E5-1B2D94533798}.RelWithDebInfo|Win32.ActiveCfg = RelWithDebInfo|Win32
		{85C1C8A2-018A-333B-94E5-1B2D94533798}.RelWithDebInfo|Win32.Build.0 = RelWithDebInfo|Win32
		{692D98DF-CDF0-3D28-8B49-9FBF7E40B6D6}.Debug|Win32.ActiveCfg = Debug|Win32
		{692D98DF-CDF0-3D28-8B49-9FBF7E40B6D6}.Debug|Win32.Build.0 = Debug|Win32
		{692D98DF-CDF0-3D28-8B49-9FBF7E40B6D6}.Release|Win32.ActiveCfg = Release|Win32
		{692D98DF-CDF0-3D28-8B49-9FBF7E40B6D6}.Release|Win32.Build.0 = Release|Win32
		{692D98DF-CDF0-3D28-8B49-9FBF7E40B6D6}.MinSizeRel|Win32.ActiveCfg = MinSizeRel|Win32
		{692D98DF-CDF0-3D28-8B49-9FBF7E40B6D6}.MinSizeRel|Win32.Build.0 = MinSizeRel|Win32
		{692D98DF-CDF0-3D28-8B49-9FBF7E40B6D6}.RelWithDebInfo|Win32.ActiveCfg = RelWithDebInfo|Win32
		{692D98DF-CDF0-3D28-8B49-9FBF7E40B6D6}.RelWithDebInfo|Win32.Build.0 = RelWithDebInfo|Win32
		{3C62C986-6C3A-37BD-B3A6-4464CA964296}.Debug|Win32.ActiveCfg = Debug|Win32
		{3C62C986-6C3A-37BD-B3A6-4464CA964296}.Debug|Win32.Build.0 = Debug|Win32
		{3C62C986-6C3A-37BD-B3A6-4464CA964296}.Release|Win32.ActiveCfg = Release|Win32
		{3C62C986-6C3A-37BD-B3A6-4464CA964296}.Release|Win32.Build.0 = Release|Win32
		{3C62C986-6C3A-37BD-B3A6-4464CA964296}.MinSizeRel|Win32.ActiveCfg = MinSizeRel|Win32
		{3C62C986-6C3A-37BD-B3A6-4464CA964296}.MinSizeRel|Win32.Build.0 = MinSizeRel|Win32
		{3C62C986-6C3A-37BD-B3A6-4464CA964296}.RelWithDebInfo|Win32.ActiveCfg = RelWithDebInfo|Win32
		{3C62C986-6C3A-37BD-B3A6-4464CA964296}.RelWithDebInfo|Win32.Build.0 = RelWithDebInfo|Win32
		{4692762F-0C9D-30FC-9FDE-13E9AE9B89C0}.Debug|Win32.ActiveCfg = Debug|Win32
		{4692762F-0C9D-30FC-9FDE-13E9AE9B89C0}.Debug|Win32.Build.0 = Debug|Win32
		{4692762F-0C9D-30FC-9FDE-13E9AE9B89C0}.Release|Win32.ActiveCfg = Release|Win32
		{4692762F-0C9D-30FC-9FDE-13E9AE9B89C0}.Release|Win32.Build.0 = Release|Win32
		{4692762F-0C9D-30FC-9FDE-13E9AE9B89C0}.MinSizeRel|Win32.ActiveCfg = MinSizeRel|Win32
		{4692762F-0C9D-30FC-9FDE-13E9AE9B89C0}.MinSizeRel|Win32.Build.0 = MinSizeRel|Win32
		{4692762F-0C9D-30FC-9FDE-13E9AE9B89C0}.RelWithDebInfo|Win32.ActiveCfg = RelWithDebInfo|Win32
		{4692762F-0C9D-30FC-9FDE-13E9AE9B89C0}.RelWithDebInfo|Win32.Build.0 = RelWithDebInfo|Win32
		{06A5DC2D-CD4C-3A76-B2C0-6459B35BF919}.Debug|Win32.ActiveCfg = Debug|Win32
		{06A5DC2D-CD4C-3A76-B2C0-6459B35BF919}.Debug|Win32.Build.0 = Debug|Win32
		{06A5DC2D-CD4C-3A76-B2C0-6459B35BF919}.Release|Win32.ActiveCfg = Release|Win32
		{06A5DC2D-CD4C-3A76-B2C0-6459B35BF919}.Release|Win32.Build.0 = Release|Win32
		{06A5DC2D-CD4C-3A76-B2C0-6459B35BF919}.MinSizeRel|Win32.ActiveCfg = MinSizeRel|Win32
		{06A5DC2D-CD4C-3A76-B2C0-6459B35BF919}.MinSizeRel|Win32.Build.0 = MinSizeRel|Win32
		{06A5DC2D-CD4C-3A76-B2C0-6459B35BF919}.RelWithDebInfo|Win32.ActiveCfg = RelWithDebInfo|Win32
		{06A5DC2D-CD4C-3A76-B2C0-6459B35BF919}.RelWithDebInfo|Win32.Build.0 = RelWithDebInfo|Win32
		{34659A94-4283-35C9-AE3D-1072DBBEB86A}.Debug|Win32.ActiveCfg = Debug|Win32
		{34659A94-4283-35C9-AE3D-1072DBBEB86A}.Debug|Win32.Build.0 = Debug|Win32
		{34659A94-4283-35C9-AE3D-1072DBBEB86A}.Release|Win32.ActiveCfg = Release|Win32
		{34659A94-4283-35C9-AE3D-1072DBBEB86A}.Release|Win32.Build.0 = Release|Win32
		{34659A94-4283-35C9-AE3D-1072DBBEB86A}.MinSizeRel|Win32.ActiveCfg = MinSizeRel|Win32
		{34659A94-4283-35C9-AE3D-1072DBBEB86A}.MinSizeRel|Win32.Build.0 = MinSizeRel|Win32
		{34659A94-4283-35C9-AE3D-1072DBBEB86A}.RelWithDebInfo|Win32.ActiveCfg = RelWithDebInfo|Win32
		{34659A94-4283-35C9-AE3D-1072DBBEB86A}.RelWithDebInfo|Win32.Build.0 = RelWithDebInfo|Win32
		{3BD4CC4E-E905-3889-BAAD-8E870049CCB3}.Debug|Win32.ActiveCfg = Debug|Win32
		{3BD4CC4E-E905-3889-BAAD-8E870049CCB3}.Debug|Win32.Build.0 = Debug|Win32
		{3BD4CC4E-E905-3889-BAAD-8E870049CCB3}.Release|Win32.ActiveCfg = Release|Win32
		{3BD4CC4E-E905-3889-BAAD-8E870049CCB3}.Release|Win32.Build.0 = Release|Win32
		{3BD4CC4E-E905-3889-BAAD-8E870049CCB3}.MinSizeRel|Win32.ActiveCfg = MinSizeRel|Win32
		{3BD4CC4E-E905-3889-BAAD-8E870049CCB3}.MinSizeRel|Win32.Build.0 = MinSizeRel|Win32
		{3BD4CC4E-E905-3889-BAAD-8E870049CCB3}.RelWithDebInfo|Win32.ActiveCfg = RelWithDebInfo|Win32
		{3BD4CC4E-E905-3889-BAAD-8E870049CCB3}.RelWithDebInfo|Win32.Build.0 = RelWithDebInfo|Win32
		{B42B2B00-CCE2-3FE1-B8FD-4B4CE6D710EC}.Debug|Win32.ActiveCfg = Debug|Win32
		{B42B2B00-CCE2-3FE1-B8FD-4B4CE6D710EC}.Debug|Win32.Build.0 = Debug|Win32
		{B42B2B00-CCE2-3FE1-B8FD-4B4CE6D710EC}.Release|Win32.ActiveCfg = Release|Win32
		{B42B2B00-CCE2-3FE1-B8FD-4B4CE6D710EC}.Release|Win32.Build.0 = Release|Win32
		{B42B2B00-CCE2-3FE1-B8FD-4B4CE6D710EC}.MinSizeRel|Win32.ActiveCfg = MinSizeRel|Win32
		{B42B2B00-CCE2-3FE1-B8FD-4B4CE6D710EC}.MinSizeRel|Win32.Build.0 = MinSizeRel|Win32
		{B42B2B00-CCE2-3FE1-B8FD-4B4CE6D710EC}.RelWithDebInfo|Win32.ActiveCfg = RelWithDebInfo|Win32
		{B42B2B00-CCE2-3FE1-B8FD-4B4CE6D710EC}.RelWithDebInfo|Win32.Build.0 = RelWithDebInfo|Win32
		{BF394F72-E92F-3CC3-9D3C-11E58C93433F}.Debug|Win32.ActiveCfg = Debug|Win32
		{BF394F72-E92F-3CC3-9D3C-11E58C93433F}.Debug|Win32.Build.0 = Debug|Win32
		{BF394F72-E92F-3CC3-9D3C-11E58C93433F}.Release|Win32.ActiveCfg = Release|Win32
		{BF394F72-E92F-3CC3-9D3C-11E58C93433F}.Release|Win32.Build.0 = Release|Win32
		{BF394F72-E92F-3CC3-9D3C-11E58C93433F}.MinSizeRel|Win32.ActiveCfg = MinSizeRel|Win32
		{BF394F72-E92F-3CC3-9D3C-11E58C93433F}.MinSizeRel|Win32.Build.0 = MinSizeRel|Win32
		{BF394F72-E92F-3CC3-9D3C-11E58C93433F}.RelWithDebInfo|Win32.ActiveCfg = RelWithDebInfo|Win32
		{BF394F72-E92F-3CC3-9D3C-11E58C93433F}.RelWithDebInfo|Win32.Build.0 = RelWithDebInfo|Win32
		{282D533D-F34C-3AE4-A5B5-54075CACADA0}.Debug|Win32.ActiveCfg = Debug|Win32
		{282D533D-F34C-3AE4-A5B5-54075CACADA0}.Debug|Win32.Build.0 = Debug|Win32
		{282D533D-F34C-3AE4-A5B5-54075CACADA0}.Release|Win32.ActiveCfg = Release|Win32
		{282D533D-F34C-3AE4-A5B5-54075CACADA0}.Release|Win32.Build.0 = Release|Win32
		{282D533D-F34C-3AE4-A5B5-54075CACADA0}.MinSizeRel|Win32.ActiveCfg = MinSizeRel|Win32
		{282D533D-F34C-3AE4-A5B5-54075CACADA0}.MinSizeRel|Win32.Build.0 = MinSizeRel|Win32
		{282D533D-F34C-3AE4-A5B5-54075CACADA0}.RelWithDebInfo|Win32.ActiveCfg = RelWithDebInfo|Win32
		{282D533D-F34C-3AE4-A5B5-54075CACADA0}.RelWithDebInfo|Win32.Build.0 = RelWithDebInfo|Win32
		{DB99EF5A-25C8-34FF-8A02-C0D1A76BF25B}.Debug|Win32.ActiveCfg = Debug|Win32
		{DB99EF5A-25C8-34FF-8A02-C0D1A76BF25B}.Debug|Win32.Build.0 = Debug|Win32
		{DB99EF5A-25C8-34FF-8A02-C0D1A76BF25B}.Release|Win32.ActiveCfg = Release|Win32
		{DB99EF5A-25C8-34FF-8A02-C0D1A76BF25B}.Release|Win32.Build.0 = Release|Win32
		{DB99EF5A-25C8-34FF-8A02-C0D1A76BF25B}.MinSizeRel|Win32.ActiveCfg = MinSizeRel|Win32
		{DB99EF5A-25C8-34FF-8A02-C0D1A76BF25B}.MinSizeRel|Win32.Build.0 = MinSizeRel|Win32
		{DB99EF5A-25C8-34FF-8A02-C0D1A76BF25B}.RelWithDebInfo|Win32.ActiveCfg = RelWithDebInfo|Win32
		{DB99EF5A-25C8-34FF-8A02-C0D1A76BF25B}.RelWithDebInfo|Win32.Build.0 = RelWithDebInfo|Win32
	EndGlobalSection
	GlobalSection(ExtensibilityGlobals) = postSolution
	EndGlobalSection
	GlobalSection(ExtensibilityAddIns) = postSolution
	EndGlobalSection
EndGlobal
