<?xml version="1.0" encoding="UTF-8"?>
<Project ToolsVersion="14.0" xmlns="http://schemas.microsoft.com/developer/msbuild/2003">
  <ItemGroup>
    <ClCompile Include="C:\Users\color\src\latino-json\jansson\src\dump.c">
      <Filter>Library Sources</Filter>
    </ClCompile>
    <ClCompile Include="C:\Users\color\src\latino-json\jansson\src\error.c">
      <Filter>Library Sources</Filter>
    </ClCompile>
    <ClCompile Include="C:\Users\color\src\latino-json\jansson\src\hashtable.c">
      <Filter>Library Sources</Filter>
    </ClCompile>
    <ClCompile Include="C:\Users\color\src\latino-json\jansson\src\hashtable_seed.c">
      <Filter>Library Sources</Filter>
    </ClCompile>
    <ClCompile Include="C:\Users\color\src\latino-json\jansson\src\load.c">
      <Filter>Library Sources</Filter>
    </ClCompile>
    <ClCompile Include="C:\Users\color\src\latino-json\jansson\src\memory.c">
      <Filter>Library Sources</Filter>
    </ClCompile>
    <ClCompile Include="C:\Users\color\src\latino-json\jansson\src\pack_unpack.c">
      <Filter>Library Sources</Filter>
    </ClCompile>
    <ClCompile Include="C:\Users\color\src\latino-json\jansson\src\strbuffer.c">
      <Filter>Library Sources</Filter>
    </ClCompile>
    <ClCompile Include="C:\Users\color\src\latino-json\jansson\src\strconv.c">
      <Filter>Library Sources</Filter>
    </ClCompile>
    <ClCompile Include="C:\Users\color\src\latino-json\jansson\src\utf.c">
      <Filter>Library Sources</Filter>
    </ClCompile>
    <ClCompile Include="C:\Users\color\src\latino-json\jansson\src\value.c">
      <Filter>Library Sources</Filter>
    </ClCompile>
  </ItemGroup>
  <ItemGroup>
    <ClInclude Include="C:\Users\color\src\latino-json\jansson\src\hashtable.h">
      <Filter>Library Private Headers</Filter>
    </ClInclude>
    <ClInclude Include="C:\Users\color\src\latino-json\jansson\src\jansson_private.h">
      <Filter>Library Private Headers</Filter>
    </ClInclude>
    <ClInclude Include="C:\Users\color\src\latino-json\jansson\src\strbuffer.h">
      <Filter>Library Private Headers</Filter>
    </ClInclude>
    <ClInclude Include="C:\Users\color\src\latino-json\jansson\src\utf.h">
      <Filter>Library Private Headers</Filter>
    </ClInclude>
    <ClInclude Include="C:\Users\color\src\latino-json\visualstudio\jansson\private_include\jansson_private_config.h">
      <Filter>Library Private Headers</Filter>
    </ClInclude>
    <ClInclude Include="C:\Users\color\src\latino-json\visualstudio\jansson\include\jansson_config.h">
      <Filter>Library Public Headers</Filter>
    </ClInclude>
    <ClInclude Include="C:\Users\color\src\latino-json\jansson\src\jansson.h">
      <Filter>Library Public Headers</Filter>
    </ClInclude>
  </ItemGroup>
  <ItemGroup>
    <CustomBuild Include="C:\Users\color\src\latino-json\jansson\CMakeLists.txt" />
  </ItemGroup>
  <ItemGroup>
    <Filter Include="Library Sources">
      <UniqueIdentifier>{8E523D97-65E7-3B48-95B9-25046CB0AC11}</UniqueIdentifier>
    </Filter>
    <Filter Include="Library Private Headers">
      <UniqueIdentifier>{D38114A2-E638-36DB-857B-A646C5FD134F}</UniqueIdentifier>
    </Filter>
    <Filter Include="Library Public Headers">
      <UniqueIdentifier>{E33C131D-AF27-3522-BEBA-96D37AC34167}</UniqueIdentifier>
    </Filter>
  </ItemGroup>
</Project>
